{
  "name": "conga-security",
  "version": "0.0.1",
  "lockfileVersion": 1,
  "dependencies": {
    "conga-annotations": {
      "version": "1.0.0",
      "resolved": "https://registry.npmjs.org/conga-annotations/-/conga-annotations-1.0.0.tgz",
      "integrity": "sha1-uSNbK+VvhPqeRPTK3/K6Qh2DcZw="
    },
    "StringScanner": {
      "version": "0.0.3",
      "resolved": "https://registry.npmjs.org/StringScanner/-/StringScanner-0.0.3.tgz",
      "integrity": "sha1-vwbs/ckARnEfTmF1VJJDt4zrOKo="
    }
  }
}
